
Microsoft Visual Studio Solution File, Format Version 12.00
# Visual Studio Version 17
VisualStudioVersion = 17.4.33103.184
MinimumVisualStudioVersion = 10.0.40219.1
Project("{9A19103F-16F7-4668-BE54-9A1E7A4F7556}") = "AdventofCode", "AdventofCode.csproj", "{666C39AF-ECAD-4E31-86E3-7AEA885CCD8F}"
EndProject
Global
	GlobalSection(SolutionConfigurationPlatforms) = preSolution
		Debug|Any CPU = Debug|Any CPU
		Release|Any CPU = Release|Any CPU
	EndGlobalSection
	GlobalSection(ProjectConfigurationPlatforms) = postSolution
		{666C39AF-ECAD-4E31-86E3-7AEA885CCD8F}.Debug|Any CPU.ActiveCfg = Debug|Any CPU
		{666C39AF-ECAD-4E31-86E3-7AEA885CCD8F}.Debug|Any CPU.Build.0 = Debug|Any CPU
		{666C39AF-ECAD-4E31-86E3-7AEA885CCD8F}.Release|Any CPU.ActiveCfg = Release|Any CPU
		{666C39AF-ECAD-4E31-86E3-7AEA885CCD8F}.Release|Any CPU.Build.0 = Release|Any CPU
	EndGlobalSection
	GlobalSection(SolutionProperties) = preSolution
		HideSolutionNode = FALSE
	EndGlobalSection
	GlobalSection(ExtensibilityGlobals) = postSolution
		SolutionGuid = {E39CF116-9D61-4006-8F83-51D97BFE0018}
	EndGlobalSection
EndGlobal
